{
  "name": "@actre/dom",
  "version": "0.0.1",
  "lockfileVersion": 1,
  "requires": true,
  "dependencies": {
    "@actre/common": {
      "version": "0.0.1",
      "resolved": "https://registry.npmjs.org/@actre/common/-/common-0.0.1.tgz",
      "integrity": "sha512-U2eWjwSsRKmsaf4CY6HiC1mJlL/zQFI3FPUpAbanKc3qwpdRQXNgWVWSU6xWY+v3o6UkW+EsSynA6eBvx3AEPg==",
      "requires": {
        "html-tags": "^3.1.0",
        "uid": "^1.0.0"
      }
    },
    "heap": {
      "version": "0.2.6",
      "resolved": "https://registry.npmjs.org/heap/-/heap-0.2.6.tgz",
      "integrity": "sha1-CH4fELBGky/IWU3Z5tN4r8nR5aw="
    },
    "html-tags": {
      "version": "3.1.0",
      "resolved": "https://registry.npmjs.org/html-tags/-/html-tags-3.1.0.tgz",
      "integrity": "sha512-1qYz89hW3lFDEazhjW0yVAV87lw8lVkrJocr72XmBkMKsoSVJCQx3W8BXsC7hO2qAt8BoVjYjtAcZ9perqGnNg=="
    },
    "uid": {
      "version": "1.0.0",
      "resolved": "https://registry.npmjs.org/uid/-/uid-1.0.0.tgz",
      "integrity": "sha512-DYp36HDIRECMW0xmeyGSDSheURMbL7gy4DqINDUW5OSw7cot0pNRNvEtEji9nk1XVDZN/0lJ7myxacoTeU9oow=="
    }
  }
}
